# THIS IS AN AUTOGENERATED FILE. DO NOT EDIT THIS FILE DIRECTLY.
# yarn lockfile v1


"@types/axios@^0.14.0":
  version "0.14.0"
  resolved "https://registry.nlark.com/@types/axios/download/@types/axios-0.14.0.tgz#ec2300fbe7d7dddd7eb9d3abf87999964cafce46"
  integrity sha1-7CMA++fX3d1+udOr+HmZlkyvzkY=
  dependencies:
    axios "*"

"@types/bson@*":
  version "4.0.3"
  resolved "https://registry.npm.taobao.org/@types/bson/download/@types/bson-4.0.3.tgz#30889d2ffde6262abbe38659364c631454999fbf"
  integrity sha1-MIidL/3mJiq744ZZNkxjFFSZn78=
  dependencies:
    "@types/node" "*"

"@types/mongodb@*", "@types/mongodb@^3.5.27":
  version "3.6.12"
  resolved "https://registry.npm.taobao.org/@types/mongodb/download/@types/mongodb-3.6.12.tgz#727960d34f35054d2f2ce68909e16094f742d935"
  integrity sha1-cnlg0081BU0vLOaJCeFglPdC2TU=
  dependencies:
    "@types/bson" "*"
    "@types/node" "*"

"@types/mongoose@^5.10.5":
  version "5.10.5"
  resolved "https://registry.nlark.com/@types/mongoose/download/@types/mongoose-5.10.5.tgz#0f4fb0440e8cf0213caec1e5c7b163dbd9847c56"
  integrity sha1-D0+wRA6M8CE8rsHlx7Fj29mEfFY=
  dependencies:
    "@types/mongodb" "*"
    "@types/node" "*"

"@types/node@*", "@types/node@^15.0.1":
  version "15.0.1"
  resolved "https://registry.nlark.com/@types/node/download/@types/node-15.0.1.tgz?cache=0&sync_timestamp=1619534644891&other_urls=https%3A%2F%2Fregistry.nlark.com%2F%40types%2Fnode%2Fdownload%2F%40types%2Fnode-15.0.1.tgz#ef34dea0881028d11398be5bf4e856743e3dc35a"
  integrity sha1-7zTeoIgQKNETmL5b9OhWdD49w1o=

axios@*, axios@^0.21.1:
  version "0.21.1"
  resolved "https://registry.npm.taobao.org/axios/download/axios-0.21.1.tgz#22563481962f4d6bde9a76d516ef0e5d3c09b2b8"
  integrity sha1-IlY0gZYvTWvemnbVFu8OXTwJsrg=
  dependencies:
    follow-redirects "^1.10.0"

bl@^2.2.1:
  version "2.2.1"
  resolved "https://registry.npm.taobao.org/bl/download/bl-2.2.1.tgz#8c11a7b730655c5d56898cdc871224f40fd901d5"
  integrity sha1-jBGntzBlXF1WiYzchxIk9A/ZAdU=
  dependencies:
    readable-stream "^2.3.5"
    safe-buffer "^5.1.1"

bluebird@3.5.1:
  version "3.5.1"
  resolved "https://registry.npm.taobao.org/bluebird/download/bluebird-3.5.1.tgz#d9551f9de98f1fcda1e683d17ee91a0602ee2eb9"
  integrity sha1-2VUfnemPH82h5oPRfukaBgLuLrk=

bson@^1.1.4:
  version "1.1.6"
  resolved "https://registry.nlark.com/bson/download/bson-1.1.6.tgz#fb819be9a60cd677e0853aee4ca712a785d6618a"
  integrity sha1-+4Gb6aYM1nfghTruTKcSp4XWYYo=

core-util-is@~1.0.0:
  version "1.0.2"
  resolved "https://registry.npm.taobao.org/core-util-is/download/core-util-is-1.0.2.tgz#b5fd54220aa2bc5ab57aab7140c940754503c1a7"
  integrity sha1-tf1UIgqivFq1eqtxQMlAdUUDwac=

dayjs@^1.10.4:
  version "1.10.4"
  resolved "https://registry.npm.taobao.org/dayjs/download/dayjs-1.10.4.tgz#8e544a9b8683f61783f570980a8a80eaf54ab1e2"
  integrity sha1-jlRKm4aD9heD9XCYCoqA6vVKseI=

debug@3.1.0:
  version "3.1.0"
  resolved "https://registry.npm.taobao.org/debug/download/debug-3.1.0.tgz?cache=0&sync_timestamp=1607566575639&other_urls=https%3A%2F%2Fregistry.npm.taobao.org%2Fdebug%2Fdownload%2Fdebug-3.1.0.tgz#5bb5a0672628b64149566ba16819e61518c67261"
  integrity sha1-W7WgZyYotkFJVmuhaBnmFRjGcmE=
  dependencies:
    ms "2.0.0"

denque@^1.4.1:
  version "1.5.0"
  resolved "https://registry.npm.taobao.org/denque/download/denque-1.5.0.tgz#773de0686ff2d8ec2ff92914316a47b73b1c73de"
  integrity sha1-dz3gaG/y2Owv+SkUMWpHtzscc94=

follow-redirects@^1.10.0:
  version "1.14.0"
  resolved "https://registry.nlark.com/follow-redirects/download/follow-redirects-1.14.0.tgz?cache=0&sync_timestamp=1619369319701&other_urls=https%3A%2F%2Fregistry.nlark.com%2Ffollow-redirects%2Fdownload%2Ffollow-redirects-1.14.0.tgz#f5d260f95c5f8c105894491feee5dc8993b402fe"
  integrity sha1-9dJg+VxfjBBYlEkf7uXciZO0Av4=

inherits@~2.0.3:
  version "2.0.4"
  resolved "https://registry.npm.taobao.org/inherits/download/inherits-2.0.4.tgz#0fa2c64f932917c3433a0ded55363aae37416b7c"
  integrity sha1-D6LGT5MpF8NDOg3tVTY6rjdBa3w=

isarray@~1.0.0:
  version "1.0.0"
  resolved "https://registry.npm.taobao.org/isarray/download/isarray-1.0.0.tgz#bb935d48582cba168c06834957a54a3e07124f11"
  integrity sha1-u5NdSFgsuhaMBoNJV6VKPgcSTxE=

kareem@2.3.2:
  version "2.3.2"
  resolved "https://registry.nlark.com/kareem/download/kareem-2.3.2.tgz#78c4508894985b8d38a0dc15e1a8e11078f2ca93"
  integrity sha1-eMRQiJSYW404oNwV4ajhEHjyypM=

memory-pager@^1.0.2:
  version "1.5.0"
  resolved "https://registry.npm.taobao.org/memory-pager/download/memory-pager-1.5.0.tgz#d8751655d22d384682741c972f2c3d6dfa3e66b5"
  integrity sha1-2HUWVdItOEaCdByXLyw9bfo+ZrU=

mongodb@3.6.6:
  version "3.6.6"
  resolved "https://registry.npm.taobao.org/mongodb/download/mongodb-3.6.6.tgz#92e3658f45424c34add3003e3046c1535c534449"
  integrity sha1-kuNlj0VCTDSt0wA+MEbBU1xTREk=
  dependencies:
    bl "^2.2.1"
    bson "^1.1.4"
    denque "^1.4.1"
    optional-require "^1.0.2"
    safe-buffer "^5.1.2"
  optionalDependencies:
    saslprep "^1.0.0"

mongoose-legacy-pluralize@1.0.2:
  version "1.0.2"
  resolved "https://registry.nlark.com/mongoose-legacy-pluralize/download/mongoose-legacy-pluralize-1.0.2.tgz#3ba9f91fa507b5186d399fb40854bff18fb563e4"
  integrity sha1-O6n5H6UHtRhtOZ+0CFS/8Y+1Y+Q=

mongoose@^5.12.7:
  version "5.12.7"
  resolved "https://registry.nlark.com/mongoose/download/mongoose-5.12.7.tgz#9cbf42246c53b7ab79342c04ef72938d4047b071"
  integrity sha1-nL9CJGxTt6t5NCwE73KTjUBHsHE=
  dependencies:
    "@types/mongodb" "^3.5.27"
    bson "^1.1.4"
    kareem "2.3.2"
    mongodb "3.6.6"
    mongoose-legacy-pluralize "1.0.2"
    mpath "0.8.3"
    mquery "3.2.5"
    ms "2.1.2"
    regexp-clone "1.0.0"
    safe-buffer "5.2.1"
    sift "13.5.2"
    sliced "1.0.1"

mpath@0.8.3:
  version "0.8.3"
  resolved "https://registry.nlark.com/mpath/download/mpath-0.8.3.tgz#828ac0d187f7f42674839d74921970979abbdd8f"
  integrity sha1-gorA0Yf39CZ0g510khlwl5q73Y8=

mquery@3.2.5:
  version "3.2.5"
  resolved "https://registry.nlark.com/mquery/download/mquery-3.2.5.tgz#8f2305632e4bb197f68f60c0cffa21aaf4060c51"
  integrity sha1-jyMFYy5LsZf2j2DAz/ohqvQGDFE=
  dependencies:
    bluebird "3.5.1"
    debug "3.1.0"
    regexp-clone "^1.0.0"
    safe-buffer "5.1.2"
    sliced "1.0.1"

ms@2.0.0:
  version "2.0.0"
  resolved "https://registry.npm.taobao.org/ms/download/ms-2.0.0.tgz?cache=0&sync_timestamp=1607433856838&other_urls=https%3A%2F%2Fregistry.npm.taobao.org%2Fms%2Fdownload%2Fms-2.0.0.tgz#5608aeadfc00be6c2901df5f9861788de0d597c8"
  integrity sha1-VgiurfwAvmwpAd9fmGF4jeDVl8g=

ms@2.1.2:
  version "2.1.2"
  resolved "https://registry.npm.taobao.org/ms/download/ms-2.1.2.tgz?cache=0&sync_timestamp=1607433856838&other_urls=https%3A%2F%2Fregistry.npm.taobao.org%2Fms%2Fdownload%2Fms-2.1.2.tgz#d09d1f357b443f493382a8eb3ccd183872ae6009"
  integrity sha1-0J0fNXtEP0kzgqjrPM0YOHKuYAk=

optional-require@^1.0.2:
  version "1.0.3"
  resolved "https://registry.npm.taobao.org/optional-require/download/optional-require-1.0.3.tgz#275b8e9df1dc6a17ad155369c2422a440f89cb07"
  integrity sha1-J1uOnfHcahetFVNpwkIqRA+Jywc=

process-nextick-args@~2.0.0:
  version "2.0.1"
  resolved "https://registry.nlark.com/process-nextick-args/download/process-nextick-args-2.0.1.tgz#7820d9b16120cc55ca9ae7792680ae7dba6d7fe2"
  integrity sha1-eCDZsWEgzFXKmud5JoCufbptf+I=

readable-stream@^2.3.5:
  version "2.3.7"
  resolved "https://registry.nlark.com/readable-stream/download/readable-stream-2.3.7.tgz#1eca1cf711aef814c04f62252a36a62f6cb23b57"
  integrity sha1-Hsoc9xGu+BTAT2IlKjamL2yyO1c=
  dependencies:
    core-util-is "~1.0.0"
    inherits "~2.0.3"
    isarray "~1.0.0"
    process-nextick-args "~2.0.0"
    safe-buffer "~5.1.1"
    string_decoder "~1.1.1"
    util-deprecate "~1.0.1"

regexp-clone@1.0.0, regexp-clone@^1.0.0:
  version "1.0.0"
  resolved "https://registry.nlark.com/regexp-clone/download/regexp-clone-1.0.0.tgz#222db967623277056260b992626354a04ce9bf63"
  integrity sha1-Ii25Z2IydwViYLmSYmNUoEzpv2M=

safe-buffer@5.1.2, safe-buffer@~5.1.0, safe-buffer@~5.1.1:
  version "5.1.2"
  resolved "https://registry.npm.taobao.org/safe-buffer/download/safe-buffer-5.1.2.tgz?cache=0&sync_timestamp=1589129611964&other_urls=https%3A%2F%2Fregistry.npm.taobao.org%2Fsafe-buffer%2Fdownload%2Fsafe-buffer-5.1.2.tgz#991ec69d296e0313747d59bdfd2b745c35f8828d"
  integrity sha1-mR7GnSluAxN0fVm9/St0XDX4go0=

safe-buffer@5.2.1, safe-buffer@^5.1.1, safe-buffer@^5.1.2:
  version "5.2.1"
  resolved "https://registry.npm.taobao.org/safe-buffer/download/safe-buffer-5.2.1.tgz?cache=0&sync_timestamp=1589129611964&other_urls=https%3A%2F%2Fregistry.npm.taobao.org%2Fsafe-buffer%2Fdownload%2Fsafe-buffer-5.2.1.tgz#1eaf9fa9bdb1fdd4ec75f58f9cdb4e6b7827eec6"
  integrity sha1-Hq+fqb2x/dTsdfWPnNtOa3gn7sY=

saslprep@^1.0.0:
  version "1.0.3"
  resolved "https://registry.npm.taobao.org/saslprep/download/saslprep-1.0.3.tgz#4c02f946b56cf54297e347ba1093e7acac4cf226"
  integrity sha1-TAL5RrVs9UKX40e6EJPnrKxM8iY=
  dependencies:
    sparse-bitfield "^3.0.3"

sift@13.5.2:
  version "13.5.2"
  resolved "https://registry.nlark.com/sift/download/sift-13.5.2.tgz#24a715e13c617b086166cd04917d204a591c9da6"
  integrity sha1-JKcV4TxhewhhZs0EkX0gSlkcnaY=

sliced@1.0.1:
  version "1.0.1"
  resolved "https://registry.nlark.com/sliced/download/sliced-1.0.1.tgz#0b3a662b5d04c3177b1926bea82b03f837a2ef41"
  integrity sha1-CzpmK10Ewxd7GSa+qCsD+Dei70E=

sparse-bitfield@^3.0.3:
  version "3.0.3"
  resolved "https://registry.npm.taobao.org/sparse-bitfield/download/sparse-bitfield-3.0.3.tgz#ff4ae6e68656056ba4b3e792ab3334d38273ca11"
  integrity sha1-/0rm5oZWBWuks+eSqzM004JzyhE=
  dependencies:
    memory-pager "^1.0.2"

string_decoder@~1.1.1:
  version "1.1.1"
  resolved "https://registry.nlark.com/string_decoder/download/string_decoder-1.1.1.tgz#9cf1611ba62685d7030ae9e4ba34149c3af03fc8"
  integrity sha1-nPFhG6YmhdcDCunkujQUnDrwP8g=
  dependencies:
    safe-buffer "~5.1.0"

typescript@^4.2.4:
  version "4.2.4"
  resolved "https://registry.nlark.com/typescript/download/typescript-4.2.4.tgz#8610b59747de028fda898a8aef0e103f156d0961"
  integrity sha1-hhC1l0feAo/aiYqK7w4QPxVtCWE=

util-deprecate@~1.0.1:
  version "1.0.2"
  resolved "https://registry.npm.taobao.org/util-deprecate/download/util-deprecate-1.0.2.tgz#450d4dc9fa70de732762fbd2d4a28981419a0ccf"
  integrity sha1-RQ1Nyfpw3nMnYvvS1KKJgUGaDM8=

utility-types@^3.10.0:
  version "3.10.0"
  resolved "https://registry.nlark.com/utility-types/download/utility-types-3.10.0.tgz#ea4148f9a741015f05ed74fd615e1d20e6bed82b"
  integrity sha1-6kFI+adBAV8F7XT9YV4dIOa+2Cs=
